
Microsoft Visual Studio Solution File, Format Version 12.00
# Visual Studio 14
VisualStudioVersion = 14.0.25420.1
MinimumVisualStudioVersion = 10.0.40219.1
Project("{2150E333-8FDC-42A3-9474-1A3956D46DE8}") = "src", "src", "{C419ECC7-005A-4EEC-85A4-D327456F6DC9}"
EndProject
Project("{2150E333-8FDC-42A3-9474-1A3956D46DE8}") = "Solution Items", "Solution Items", "{597124B3-9A03-49AC-AE9B-0C68601DCAFE}"
	ProjectSection(SolutionItems) = preProject
		appveyor.yml = appveyor.yml
		Build.ps1 = Build.ps1
		global.json = global.json
		assets\Package.ps1 = assets\Package.ps1
		assets\Restore.ps1 = assets\Restore.ps1
	EndProjectSection
EndProject
Project("{8BB2217D-0F2D-49D1-97BC-3654ED321F3B}") = "Slalom.Stacks.Messaging.Akka", "src\Slalom.Stacks.Messaging.Akka\Slalom.Stacks.Messaging.Akka.xproj", "{A60D63AD-FD7A-414A-80F7-89308D93F817}"
EndProject
Project("{2150E333-8FDC-42A3-9474-1A3956D46DE8}") = "test", "test", "{04933F0A-35D2-4949-84F8-696B41B46D47}"
EndProject
Project("{8BB2217D-0F2D-49D1-97BC-3654ED321F3B}") = "ConsoleClient", "ConsoleClient\ConsoleClient.xproj", "{1BA35C03-9833-4E24-BA34-84FCEE183D20}"
EndProject
Global
	GlobalSection(SolutionConfigurationPlatforms) = preSolution
		Debug|Any CPU = Debug|Any CPU
		Release|Any CPU = Release|Any CPU
	EndGlobalSection
	GlobalSection(ProjectConfigurationPlatforms) = postSolution
		{A60D63AD-FD7A-414A-80F7-89308D93F817}.Debug|Any CPU.ActiveCfg = Debug|Any CPU
		{A60D63AD-FD7A-414A-80F7-89308D93F817}.Debug|Any CPU.Build.0 = Debug|Any CPU
		{A60D63AD-FD7A-414A-80F7-89308D93F817}.Release|Any CPU.ActiveCfg = Release|Any CPU
		{A60D63AD-FD7A-414A-80F7-89308D93F817}.Release|Any CPU.Build.0 = Release|Any CPU
		{1BA35C03-9833-4E24-BA34-84FCEE183D20}.Debug|Any CPU.ActiveCfg = Debug|Any CPU
		{1BA35C03-9833-4E24-BA34-84FCEE183D20}.Debug|Any CPU.Build.0 = Debug|Any CPU
		{1BA35C03-9833-4E24-BA34-84FCEE183D20}.Release|Any CPU.ActiveCfg = Release|Any CPU
		{1BA35C03-9833-4E24-BA34-84FCEE183D20}.Release|Any CPU.Build.0 = Release|Any CPU
	EndGlobalSection
	GlobalSection(SolutionProperties) = preSolution
		HideSolutionNode = FALSE
	EndGlobalSection
	GlobalSection(NestedProjects) = preSolution
		{A60D63AD-FD7A-414A-80F7-89308D93F817} = {C419ECC7-005A-4EEC-85A4-D327456F6DC9}
		{1BA35C03-9833-4E24-BA34-84FCEE183D20} = {04933F0A-35D2-4949-84F8-696B41B46D47}
	EndGlobalSection
EndGlobal
